
Microsoft Visual Studio Solution File, Format Version 12.00
# Visual Studio Version 17
VisualStudioVersion = 17.2.32505.173
MinimumVisualStudioVersion = 10.0.40219.1
Project("{2150E333-8FDC-42A3-9474-1A3956D46DE8}") = "Tutorials", "Tutorials", "{77CFFECD-DC50-4D2E-BE00-D52CAC884361}"
EndProject
Project("{2150E333-8FDC-42A3-9474-1A3956D46DE8}") = "Lib", "Lib", "{7302A8A5-30B2-413A-83DB-5CAF2CBF91CD}"
	ProjectSection(SolutionItems) = preProject
		Lib\Directory.Build.props = Lib\Directory.Build.props
		Lib\MrPMorris.snk = Lib\MrPMorris.snk
	EndProjectSection
EndProject
Project("{2150E333-8FDC-42A3-9474-1A3956D46DE8}") = "Solution Items", "Solution Items", "{21CFCD5A-A73B-4B66-AE95-DBA268691890}"
	ProjectSection(SolutionItems) = preProject
		.editorconfig = .editorconfig
		..\README.md = ..\README.md
	EndProjectSection
EndProject
Project("{2150E333-8FDC-42A3-9474-1A3956D46DE8}") = "Docs", "Docs", "{AFF6160A-AE61-463D-866F-EE5A78DA6A56}"
	ProjectSection(SolutionItems) = preProject
		..\Docs\README.md = ..\Docs\README.md
		..\Docs\releases.md = ..\Docs\releases.md
	EndProjectSection
EndProject
Project("{9A19103F-16F7-4668-BE54-9A1E7A4F7556}") = "Morris.EasyAuth", "Lib\Morris.EasyAuth\Morris.EasyAuth.csproj", "{DC168D3B-671D-4CC0-BA51-8C089C695672}"
EndProject
Project("{9A19103F-16F7-4668-BE54-9A1E7A4F7556}") = "Morris.EasyAuth.Blazor.Web.Client", "Lib\Morris.EasyAuth.Blazor.Web.Client\Morris.EasyAuth.Blazor.Web.Client.csproj", "{9D4C75B9-8C7B-485B-871C-F48CEFD8E8CD}"
EndProject
Project("{9A19103F-16F7-4668-BE54-9A1E7A4F7556}") = "Morris.EasyAuth.Blazor.Web.Server", "Lib\Morris.EasyAuth.Blazor.Web.Server\Morris.EasyAuth.Blazor.Web.Server.csproj", "{303D8075-7147-438F-982D-0D4FEB3C8B55}"
EndProject
Global
	GlobalSection(SolutionConfigurationPlatforms) = preSolution
		Debug|Any CPU = Debug|Any CPU
		Release|Any CPU = Release|Any CPU
	EndGlobalSection
	GlobalSection(ProjectConfigurationPlatforms) = postSolution
		{DC168D3B-671D-4CC0-BA51-8C089C695672}.Debug|Any CPU.ActiveCfg = Debug|Any CPU
		{DC168D3B-671D-4CC0-BA51-8C089C695672}.Debug|Any CPU.Build.0 = Debug|Any CPU
		{DC168D3B-671D-4CC0-BA51-8C089C695672}.Release|Any CPU.ActiveCfg = Release|Any CPU
		{DC168D3B-671D-4CC0-BA51-8C089C695672}.Release|Any CPU.Build.0 = Release|Any CPU
		{9D4C75B9-8C7B-485B-871C-F48CEFD8E8CD}.Debug|Any CPU.ActiveCfg = Debug|Any CPU
		{9D4C75B9-8C7B-485B-871C-F48CEFD8E8CD}.Debug|Any CPU.Build.0 = Debug|Any CPU
		{9D4C75B9-8C7B-485B-871C-F48CEFD8E8CD}.Release|Any CPU.ActiveCfg = Release|Any CPU
		{9D4C75B9-8C7B-485B-871C-F48CEFD8E8CD}.Release|Any CPU.Build.0 = Release|Any CPU
		{303D8075-7147-438F-982D-0D4FEB3C8B55}.Debug|Any CPU.ActiveCfg = Debug|Any CPU
		{303D8075-7147-438F-982D-0D4FEB3C8B55}.Debug|Any CPU.Build.0 = Debug|Any CPU
		{303D8075-7147-438F-982D-0D4FEB3C8B55}.Release|Any CPU.ActiveCfg = Release|Any CPU
		{303D8075-7147-438F-982D-0D4FEB3C8B55}.Release|Any CPU.Build.0 = Release|Any CPU
	EndGlobalSection
	GlobalSection(SolutionProperties) = preSolution
		HideSolutionNode = FALSE
	EndGlobalSection
	GlobalSection(NestedProjects) = preSolution
		{DC168D3B-671D-4CC0-BA51-8C089C695672} = {7302A8A5-30B2-413A-83DB-5CAF2CBF91CD}
		{9D4C75B9-8C7B-485B-871C-F48CEFD8E8CD} = {7302A8A5-30B2-413A-83DB-5CAF2CBF91CD}
		{303D8075-7147-438F-982D-0D4FEB3C8B55} = {7302A8A5-30B2-413A-83DB-5CAF2CBF91CD}
	EndGlobalSection
	GlobalSection(ExtensibilityGlobals) = postSolution
		SolutionGuid = {3257C26E-E768-46E8-B0CC-62F3B6E19E4D}
	EndGlobalSection
EndGlobal
